
Microsoft Visual Studio Solution File, Format Version 12.00
# Visual Studio Version 17
VisualStudioVersion = 17.11.35222.181
MinimumVisualStudioVersion = 10.0.40219.1
Project("{8BC9CEB8-8B4A-11D0-8D11-00A0C91BC942}") = "a1_31", "A1_31\a1_31.vcxproj", "{4263A52E-9CC7-4016-AEDB-B9BEB2257020}"
EndProject
Project("{8BC9CEB8-8B4A-11D0-8D11-00A0C91BC942}") = "a1_32", "A1_32\a1_32.vcxproj", "{24C39CB3-4FA5-4C4B-8807-DD53AB2D31F3}"
EndProject
Project("{8BC9CEB8-8B4A-11D0-8D11-00A0C91BC942}") = "a1_33", "A1_33\a1_33.vcxproj", "{294F5CBF-9EFB-4C4C-B205-7D8FED4DF4E7}"
EndProject
Project("{8BC9CEB8-8B4A-11D0-8D11-00A0C91BC942}") = "a1_34", "A1_34\a1_34.vcxproj", "{E1A88679-50C1-492C-95EC-C0ACB7C45D79}"
EndProject
Project("{8BC9CEB8-8B4A-11D0-8D11-00A0C91BC942}") = "a1_35", "A1_35\a1_35.vcxproj", "{5BAEE456-EA61-445F-B890-F96EECB8A0BB}"
EndProject
Global
	GlobalSection(SolutionConfigurationPlatforms) = preSolution
		Debug|x64 = Debug|x64
		Debug|x86 = Debug|x86
		Release|x64 = Release|x64
		Release|x86 = Release|x86
	EndGlobalSection
	GlobalSection(ProjectConfigurationPlatforms) = postSolution
		{4263A52E-9CC7-4016-AEDB-B9BEB2257020}.Debug|x64.ActiveCfg = Debug|x64
		{4263A52E-9CC7-4016-AEDB-B9BEB2257020}.Debug|x64.Build.0 = Debug|x64
		{4263A52E-9CC7-4016-AEDB-B9BEB2257020}.Debug|x86.ActiveCfg = Debug|Win32
		{4263A52E-9CC7-4016-AEDB-B9BEB2257020}.Debug|x86.Build.0 = Debug|Win32
		{4263A52E-9CC7-4016-AEDB-B9BEB2257020}.Release|x64.ActiveCfg = Release|x64
		{4263A52E-9CC7-4016-AEDB-B9BEB2257020}.Release|x64.Build.0 = Release|x64
		{4263A52E-9CC7-4016-AEDB-B9BEB2257020}.Release|x86.ActiveCfg = Release|Win32
		{4263A52E-9CC7-4016-AEDB-B9BEB2257020}.Release|x86.Build.0 = Release|Win32
		{24C39CB3-4FA5-4C4B-8807-DD53AB2D31F3}.Debug|x64.ActiveCfg = Debug|x64
		{24C39CB3-4FA5-4C4B-8807-DD53AB2D31F3}.Debug|x64.Build.0 = Debug|x64
		{24C39CB3-4FA5-4C4B-8807-DD53AB2D31F3}.Debug|x86.ActiveCfg = Debug|Win32
		{24C39CB3-4FA5-4C4B-8807-DD53AB2D31F3}.Debug|x86.Build.0 = Debug|Win32
		{24C39CB3-4FA5-4C4B-8807-DD53AB2D31F3}.Release|x64.ActiveCfg = Release|x64
		{24C39CB3-4FA5-4C4B-8807-DD53AB2D31F3}.Release|x64.Build.0 = Release|x64
		{24C39CB3-4FA5-4C4B-8807-DD53AB2D31F3}.Release|x86.ActiveCfg = Release|Win32
		{24C39CB3-4FA5-4C4B-8807-DD53AB2D31F3}.Release|x86.Build.0 = Release|Win32
		{294F5CBF-9EFB-4C4C-B205-7D8FED4DF4E7}.Debug|x64.ActiveCfg = Debug|x64
		{294F5CBF-9EFB-4C4C-B205-7D8FED4DF4E7}.Debug|x64.Build.0 = Debug|x64
		{294F5CBF-9EFB-4C4C-B205-7D8FED4DF4E7}.Debug|x86.ActiveCfg = Debug|Win32
		{294F5CBF-9EFB-4C4C-B205-7D8FED4DF4E7}.Debug|x86.Build.0 = Debug|Win32
		{294F5CBF-9EFB-4C4C-B205-7D8FED4DF4E7}.Release|x64.ActiveCfg = Release|x64
		{294F5CBF-9EFB-4C4C-B205-7D8FED4DF4E7}.Release|x64.Build.0 = Release|x64
		{294F5CBF-9EFB-4C4C-B205-7D8FED4DF4E7}.Release|x86.ActiveCfg = Release|Win32
		{294F5CBF-9EFB-4C4C-B205-7D8FED4DF4E7}.Release|x86.Build.0 = Release|Win32
		{E1A88679-50C1-492C-95EC-C0ACB7C45D79}.Debug|x64.ActiveCfg = Debug|x64
		{E1A88679-50C1-492C-95EC-C0ACB7C45D79}.Debug|x64.Build.0 = Debug|x64
		{E1A88679-50C1-492C-95EC-C0ACB7C45D79}.Debug|x86.ActiveCfg = Debug|Win32
		{E1A88679-50C1-492C-95EC-C0ACB7C45D79}.Debug|x86.Build.0 = Debug|Win32
		{E1A88679-50C1-492C-95EC-C0ACB7C45D79}.Release|x64.ActiveCfg = Release|x64
		{E1A88679-50C1-492C-95EC-C0ACB7C45D79}.Release|x64.Build.0 = Release|x64
		{E1A88679-50C1-492C-95EC-C0ACB7C45D79}.Release|x86.ActiveCfg = Release|Win32
		{E1A88679-50C1-492C-95EC-C0ACB7C45D79}.Release|x86.Build.0 = Release|Win32
		{5BAEE456-EA61-445F-B890-F96EECB8A0BB}.Debug|x64.ActiveCfg = Debug|x64
		{5BAEE456-EA61-445F-B890-F96EECB8A0BB}.Debug|x64.Build.0 = Debug|x64
		{5BAEE456-EA61-445F-B890-F96EECB8A0BB}.Debug|x86.ActiveCfg = Debug|Win32
		{5BAEE456-EA61-445F-B890-F96EECB8A0BB}.Debug|x86.Build.0 = Debug|Win32
		{5BAEE456-EA61-445F-B890-F96EECB8A0BB}.Release|x64.ActiveCfg = Release|x64
		{5BAEE456-EA61-445F-B890-F96EECB8A0BB}.Release|x64.Build.0 = Release|x64
		{5BAEE456-EA61-445F-B890-F96EECB8A0BB}.Release|x86.ActiveCfg = Release|Win32
		{5BAEE456-EA61-445F-B890-F96EECB8A0BB}.Release|x86.Build.0 = Release|Win32
	EndGlobalSection
	GlobalSection(SolutionProperties) = preSolution
		HideSolutionNode = FALSE
	EndGlobalSection
	GlobalSection(ExtensibilityGlobals) = postSolution
		SolutionGuid = {E7EADBBF-5EE5-4283-B755-CA7495D8A0DB}
	EndGlobalSection
EndGlobal
