
Microsoft Visual Studio Solution File, Format Version 12.00
# Visual Studio 15
VisualStudioVersion = 15.0.28307.329
MinimumVisualStudioVersion = 10.0.40219.1
Project("{8BC9CEB8-8B4A-11D0-8D11-00A0C91BC942}") = "ADCInput", "ADCInput\ADCInput.vcxproj", "{CAB50A7C-30EE-43D6-9874-E71544519F85}"
EndProject
Project("{8BC9CEB8-8B4A-11D0-8D11-00A0C91BC942}") = "AlgoBlock", "AlgoBlock\AlgoBlock.vcxproj", "{3B28807B-67F9-4756-8149-5C0E5F12AEDC}"
EndProject
Project("{8BC9CEB8-8B4A-11D0-8D11-00A0C91BC942}") = "Buttons", "Buttons\Buttons.vcxproj", "{1A588D34-91AA-4F2B-BDC4-F47FE9B3DDCB}"
EndProject
Project("{8BC9CEB8-8B4A-11D0-8D11-00A0C91BC942}") = "Gas_station", "Gas_station\Gas_station.vcxproj", "{A9C50585-AABC-4769-B135-21E680467E21}"
EndProject
Project("{8BC9CEB8-8B4A-11D0-8D11-00A0C91BC942}") = "LAVMU_Model", "LAVMU_Model\LAVMU_Model.vcxproj", "{B2E88271-6214-4900-9D64-48D4B5A05147}"
EndProject
Project("{8BC9CEB8-8B4A-11D0-8D11-00A0C91BC942}") = "LMSFilter", "LMSFilter\LMSFilter.vcxproj", "{EC69B07C-8AB4-4533-8759-11B2939126E4}"
EndProject
Project("{8BC9CEB8-8B4A-11D0-8D11-00A0C91BC942}") = "SimpleFifo", "SimpleFifo\SimpleFifo.vcxproj", "{3D1000A5-33D8-4EAF-AD20-26C17472DA50}"
EndProject
Project("{8BC9CEB8-8B4A-11D0-8D11-00A0C91BC942}") = "SmartPitchDetector", "SmartPitchDetector\SmartPitchDetector.vcxproj", "{600F83CC-C335-4D12-A1A5-3481399504E2}"
EndProject
Project("{8BC9CEB8-8B4A-11D0-8D11-00A0C91BC942}") = "TemplateFir", "TemplateFir\TemplateFir.vcxproj", "{A9D51D4D-5F24-4429-BC1F-BA9CA2B26EE9}"
EndProject
Project("{8BC9CEB8-8B4A-11D0-8D11-00A0C91BC942}") = "ModulesAndChannels", "ModulesAndChannels\ModulesAndChannels.vcxproj", "{59D2F730-3D87-4530-B47E-D6AF364EE61D}"
EndProject
Project("{8BC9CEB8-8B4A-11D0-8D11-00A0C91BC942}") = "simple_process_ex", "simple_process_ex\simple_process_ex.vcxproj", "{DF6B7F40-AC2F-4DF6-8385-D122DC887291}"
EndProject
Global
	GlobalSection(SolutionConfigurationPlatforms) = preSolution
		Debug|x64 = Debug|x64
		Debug|x86 = Debug|x86
		Release|x64 = Release|x64
		Release|x86 = Release|x86
	EndGlobalSection
	GlobalSection(ProjectConfigurationPlatforms) = postSolution
		{CAB50A7C-30EE-43D6-9874-E71544519F85}.Debug|x64.ActiveCfg = Debug|x64
		{CAB50A7C-30EE-43D6-9874-E71544519F85}.Debug|x64.Build.0 = Debug|x64
		{CAB50A7C-30EE-43D6-9874-E71544519F85}.Debug|x86.ActiveCfg = Debug|Win32
		{CAB50A7C-30EE-43D6-9874-E71544519F85}.Debug|x86.Build.0 = Debug|Win32
		{CAB50A7C-30EE-43D6-9874-E71544519F85}.Release|x64.ActiveCfg = Release|x64
		{CAB50A7C-30EE-43D6-9874-E71544519F85}.Release|x64.Build.0 = Release|x64
		{CAB50A7C-30EE-43D6-9874-E71544519F85}.Release|x86.ActiveCfg = Release|Win32
		{CAB50A7C-30EE-43D6-9874-E71544519F85}.Release|x86.Build.0 = Release|Win32
		{3B28807B-67F9-4756-8149-5C0E5F12AEDC}.Debug|x64.ActiveCfg = Debug|x64
		{3B28807B-67F9-4756-8149-5C0E5F12AEDC}.Debug|x64.Build.0 = Debug|x64
		{3B28807B-67F9-4756-8149-5C0E5F12AEDC}.Debug|x86.ActiveCfg = Debug|Win32
		{3B28807B-67F9-4756-8149-5C0E5F12AEDC}.Debug|x86.Build.0 = Debug|Win32
		{3B28807B-67F9-4756-8149-5C0E5F12AEDC}.Release|x64.ActiveCfg = Release|x64
		{3B28807B-67F9-4756-8149-5C0E5F12AEDC}.Release|x64.Build.0 = Release|x64
		{3B28807B-67F9-4756-8149-5C0E5F12AEDC}.Release|x86.ActiveCfg = Release|Win32
		{3B28807B-67F9-4756-8149-5C0E5F12AEDC}.Release|x86.Build.0 = Release|Win32
		{1A588D34-91AA-4F2B-BDC4-F47FE9B3DDCB}.Debug|x64.ActiveCfg = Debug|x64
		{1A588D34-91AA-4F2B-BDC4-F47FE9B3DDCB}.Debug|x64.Build.0 = Debug|x64
		{1A588D34-91AA-4F2B-BDC4-F47FE9B3DDCB}.Debug|x86.ActiveCfg = Debug|Win32
		{1A588D34-91AA-4F2B-BDC4-F47FE9B3DDCB}.Debug|x86.Build.0 = Debug|Win32
		{1A588D34-91AA-4F2B-BDC4-F47FE9B3DDCB}.Release|x64.ActiveCfg = Release|x64
		{1A588D34-91AA-4F2B-BDC4-F47FE9B3DDCB}.Release|x64.Build.0 = Release|x64
		{1A588D34-91AA-4F2B-BDC4-F47FE9B3DDCB}.Release|x86.ActiveCfg = Release|Win32
		{1A588D34-91AA-4F2B-BDC4-F47FE9B3DDCB}.Release|x86.Build.0 = Release|Win32
		{A9C50585-AABC-4769-B135-21E680467E21}.Debug|x64.ActiveCfg = Debug|x64
		{A9C50585-AABC-4769-B135-21E680467E21}.Debug|x64.Build.0 = Debug|x64
		{A9C50585-AABC-4769-B135-21E680467E21}.Debug|x86.ActiveCfg = Debug|Win32
		{A9C50585-AABC-4769-B135-21E680467E21}.Debug|x86.Build.0 = Debug|Win32
		{A9C50585-AABC-4769-B135-21E680467E21}.Release|x64.ActiveCfg = Release|x64
		{A9C50585-AABC-4769-B135-21E680467E21}.Release|x64.Build.0 = Release|x64
		{A9C50585-AABC-4769-B135-21E680467E21}.Release|x86.ActiveCfg = Release|Win32
		{A9C50585-AABC-4769-B135-21E680467E21}.Release|x86.Build.0 = Release|Win32
		{B2E88271-6214-4900-9D64-48D4B5A05147}.Debug|x64.ActiveCfg = Debug|x64
		{B2E88271-6214-4900-9D64-48D4B5A05147}.Debug|x64.Build.0 = Debug|x64
		{B2E88271-6214-4900-9D64-48D4B5A05147}.Debug|x86.ActiveCfg = Debug|Win32
		{B2E88271-6214-4900-9D64-48D4B5A05147}.Debug|x86.Build.0 = Debug|Win32
		{B2E88271-6214-4900-9D64-48D4B5A05147}.Release|x64.ActiveCfg = Release|x64
		{B2E88271-6214-4900-9D64-48D4B5A05147}.Release|x64.Build.0 = Release|x64
		{B2E88271-6214-4900-9D64-48D4B5A05147}.Release|x86.ActiveCfg = Release|Win32
		{B2E88271-6214-4900-9D64-48D4B5A05147}.Release|x86.Build.0 = Release|Win32
		{EC69B07C-8AB4-4533-8759-11B2939126E4}.Debug|x64.ActiveCfg = Debug|x64
		{EC69B07C-8AB4-4533-8759-11B2939126E4}.Debug|x64.Build.0 = Debug|x64
		{EC69B07C-8AB4-4533-8759-11B2939126E4}.Debug|x86.ActiveCfg = Debug|Win32
		{EC69B07C-8AB4-4533-8759-11B2939126E4}.Debug|x86.Build.0 = Debug|Win32
		{EC69B07C-8AB4-4533-8759-11B2939126E4}.Release|x64.ActiveCfg = Release|x64
		{EC69B07C-8AB4-4533-8759-11B2939126E4}.Release|x64.Build.0 = Release|x64
		{EC69B07C-8AB4-4533-8759-11B2939126E4}.Release|x86.ActiveCfg = Release|Win32
		{EC69B07C-8AB4-4533-8759-11B2939126E4}.Release|x86.Build.0 = Release|Win32
		{3D1000A5-33D8-4EAF-AD20-26C17472DA50}.Debug|x64.ActiveCfg = Debug|x64
		{3D1000A5-33D8-4EAF-AD20-26C17472DA50}.Debug|x64.Build.0 = Debug|x64
		{3D1000A5-33D8-4EAF-AD20-26C17472DA50}.Debug|x86.ActiveCfg = Debug|Win32
		{3D1000A5-33D8-4EAF-AD20-26C17472DA50}.Debug|x86.Build.0 = Debug|Win32
		{3D1000A5-33D8-4EAF-AD20-26C17472DA50}.Release|x64.ActiveCfg = Release|x64
		{3D1000A5-33D8-4EAF-AD20-26C17472DA50}.Release|x64.Build.0 = Release|x64
		{3D1000A5-33D8-4EAF-AD20-26C17472DA50}.Release|x86.ActiveCfg = Release|Win32
		{3D1000A5-33D8-4EAF-AD20-26C17472DA50}.Release|x86.Build.0 = Release|Win32
		{600F83CC-C335-4D12-A1A5-3481399504E2}.Debug|x64.ActiveCfg = Debug|x64
		{600F83CC-C335-4D12-A1A5-3481399504E2}.Debug|x64.Build.0 = Debug|x64
		{600F83CC-C335-4D12-A1A5-3481399504E2}.Debug|x86.ActiveCfg = Debug|Win32
		{600F83CC-C335-4D12-A1A5-3481399504E2}.Debug|x86.Build.0 = Debug|Win32
		{600F83CC-C335-4D12-A1A5-3481399504E2}.Release|x64.ActiveCfg = Release|x64
		{600F83CC-C335-4D12-A1A5-3481399504E2}.Release|x64.Build.0 = Release|x64
		{600F83CC-C335-4D12-A1A5-3481399504E2}.Release|x86.ActiveCfg = Release|Win32
		{600F83CC-C335-4D12-A1A5-3481399504E2}.Release|x86.Build.0 = Release|Win32
		{A9D51D4D-5F24-4429-BC1F-BA9CA2B26EE9}.Debug|x64.ActiveCfg = Debug|x64
		{A9D51D4D-5F24-4429-BC1F-BA9CA2B26EE9}.Debug|x64.Build.0 = Debug|x64
		{A9D51D4D-5F24-4429-BC1F-BA9CA2B26EE9}.Debug|x86.ActiveCfg = Debug|Win32
		{A9D51D4D-5F24-4429-BC1F-BA9CA2B26EE9}.Debug|x86.Build.0 = Debug|Win32
		{A9D51D4D-5F24-4429-BC1F-BA9CA2B26EE9}.Release|x64.ActiveCfg = Release|x64
		{A9D51D4D-5F24-4429-BC1F-BA9CA2B26EE9}.Release|x64.Build.0 = Release|x64
		{A9D51D4D-5F24-4429-BC1F-BA9CA2B26EE9}.Release|x86.ActiveCfg = Release|Win32
		{A9D51D4D-5F24-4429-BC1F-BA9CA2B26EE9}.Release|x86.Build.0 = Release|Win32
		{59D2F730-3D87-4530-B47E-D6AF364EE61D}.Debug|x64.ActiveCfg = Debug|x64
		{59D2F730-3D87-4530-B47E-D6AF364EE61D}.Debug|x64.Build.0 = Debug|x64
		{59D2F730-3D87-4530-B47E-D6AF364EE61D}.Debug|x86.ActiveCfg = Debug|Win32
		{59D2F730-3D87-4530-B47E-D6AF364EE61D}.Debug|x86.Build.0 = Debug|Win32
		{59D2F730-3D87-4530-B47E-D6AF364EE61D}.Release|x64.ActiveCfg = Release|x64
		{59D2F730-3D87-4530-B47E-D6AF364EE61D}.Release|x64.Build.0 = Release|x64
		{59D2F730-3D87-4530-B47E-D6AF364EE61D}.Release|x86.ActiveCfg = Release|Win32
		{59D2F730-3D87-4530-B47E-D6AF364EE61D}.Release|x86.Build.0 = Release|Win32
		{DF6B7F40-AC2F-4DF6-8385-D122DC887291}.Debug|x64.ActiveCfg = Debug|x64
		{DF6B7F40-AC2F-4DF6-8385-D122DC887291}.Debug|x64.Build.0 = Debug|x64
		{DF6B7F40-AC2F-4DF6-8385-D122DC887291}.Debug|x86.ActiveCfg = Debug|Win32
		{DF6B7F40-AC2F-4DF6-8385-D122DC887291}.Debug|x86.Build.0 = Debug|Win32
		{DF6B7F40-AC2F-4DF6-8385-D122DC887291}.Release|x64.ActiveCfg = Release|x64
		{DF6B7F40-AC2F-4DF6-8385-D122DC887291}.Release|x64.Build.0 = Release|x64
		{DF6B7F40-AC2F-4DF6-8385-D122DC887291}.Release|x86.ActiveCfg = Release|Win32
		{DF6B7F40-AC2F-4DF6-8385-D122DC887291}.Release|x86.Build.0 = Release|Win32
	EndGlobalSection
	GlobalSection(SolutionProperties) = preSolution
		HideSolutionNode = FALSE
	EndGlobalSection
	GlobalSection(ExtensibilityGlobals) = postSolution
		SolutionGuid = {436CD405-1383-422B-9490-549AA1534CC6}
	EndGlobalSection
EndGlobal
